
Microsoft Visual Studio Solution File, Format Version 12.00
# Visual Studio Version 17
VisualStudioVersion = 17.9.34728.123
MinimumVisualStudioVersion = 10.0.40219.1
Project("{FAE04EC0-301F-11D3-BF4B-00C04F79EFBC}") = "VentasED", "VentasED\VentasED.csproj", "{3BC28027-7064-4FC4-B640-05C10C6BC45D}"
EndProject
Global
	GlobalSection(SolutionConfigurationPlatforms) = preSolution
		Debug|Any CPU = Debug|Any CPU
		Release|Any CPU = Release|Any CPU
	EndGlobalSection
	GlobalSection(ProjectConfigurationPlatforms) = postSolution
		{3BC28027-7064-4FC4-B640-05C10C6BC45D}.Debug|Any CPU.ActiveCfg = Debug|Any CPU
		{3BC28027-7064-4FC4-B640-05C10C6BC45D}.Debug|Any CPU.Build.0 = Debug|Any CPU
		{3BC28027-7064-4FC4-B640-05C10C6BC45D}.Release|Any CPU.ActiveCfg = Release|Any CPU
		{3BC28027-7064-4FC4-B640-05C10C6BC45D}.Release|Any CPU.Build.0 = Release|Any CPU
	EndGlobalSection
	GlobalSection(SolutionProperties) = preSolution
		HideSolutionNode = FALSE
	EndGlobalSection
	GlobalSection(ExtensibilityGlobals) = postSolution
		SolutionGuid = {E98DC195-B50F-49EF-977A-BFD35EACFBAD}
	EndGlobalSection
EndGlobal
